// !$*UTF8*$!
{
	archiveVersion = 1;
	classes = {
	};
	objectVersion = 56;
	objects = {

/* Begin PBXBuildFile section */
		447104A32BA59DC500759C36 /* SegmentedView.swift in Sources */ = {isa = PBXBuildFile; fileRef = 447104A22BA59DC500759C36 /* SegmentedView.swift */; };
		448373F42BA56B9B002B7FCE /* Bulma.swift in Sources */ = {isa = PBXBuildFile; fileRef = 448373F32BA56B9B002B7FCE /* Bulma.swift */; };
		448373F62BA5707E002B7FCE /* Bulma - Iteration 18900.mlmodel in Sources */ = {isa = PBXBuildFile; fileRef = 448373F52BA5707E002B7FCE /* Bulma - Iteration 18900.mlmodel */; };
		448373F92BA57347002B7FCE /* WebView.swift in Sources */ = {isa = PBXBuildFile; fileRef = 448373F82BA57347002B7FCE /* WebView.swift */; };
		448373FC2BA57412002B7FCE /* WebViewModel.swift in Sources */ = {isa = PBXBuildFile; fileRef = 448373FB2BA57412002B7FCE /* WebViewModel.swift */; };
		50DFD0882BA508B400429932 /* RoshiApp.swift in Sources */ = {isa = PBXBuildFile; fileRef = 50DFD0872BA508B400429932 /* RoshiApp.swift */; };
		50DFD08A2BA508B400429932 /* ContentView.swift in Sources */ = {isa = PBXBuildFile; fileRef = 50DFD0892BA508B400429932 /* ContentView.swift */; };
		50DFD08C2BA508B500429932 /* Assets.xcassets in Resources */ = {isa = PBXBuildFile; fileRef = 50DFD08B2BA508B500429932 /* Assets.xcassets */; };
		50DFD08F2BA508B500429932 /* Preview Assets.xcassets in Resources */ = {isa = PBXBuildFile; fileRef = 50DFD08E2BA508B500429932 /* Preview Assets.xcassets */; };
		50DFD09A2BA508B500429932 /* RoshiTests.swift in Sources */ = {isa = PBXBuildFile; fileRef = 50DFD0992BA508B500429932 /* RoshiTests.swift */; };
		50DFD0A42BA508B500429932 /* RoshiUITests.swift in Sources */ = {isa = PBXBuildFile; fileRef = 50DFD0A32BA508B500429932 /* RoshiUITests.swift */; };
		50DFD0A62BA508B500429932 /* RoshiUITestsLaunchTests.swift in Sources */ = {isa = PBXBuildFile; fileRef = 50DFD0A52BA508B500429932 /* RoshiUITestsLaunchTests.swift */; };
		50FA223C2BA5990A00382BB7 /* ToolBarView.swift in Sources */ = {isa = PBXBuildFile; fileRef = 50FA223B2BA5990A00382BB7 /* ToolBarView.swift */; };
		50FA223E2BA5A03100382BB7 /* ChatRoshiView.swift in Sources */ = {isa = PBXBuildFile; fileRef = 50FA223D2BA5A03100382BB7 /* ChatRoshiView.swift */; };
		50FA22422BA5B8D600382BB7 /* NewChallengeView.swift in Sources */ = {isa = PBXBuildFile; fileRef = 50FA22412BA5B8D600382BB7 /* NewChallengeView.swift */; };
		8315CC122BA50C41000205E9 /* Brain.swift in Sources */ = {isa = PBXBuildFile; fileRef = 8315CC112BA50C41000205E9 /* Brain.swift */; };
		834D699E2BA5143C00DE0EEF /* BrainProtocols.swift in Sources */ = {isa = PBXBuildFile; fileRef = 834D699D2BA5143C00DE0EEF /* BrainProtocols.swift */; };
		834D69A22BA5148400DE0EEF /* Fool.swift in Sources */ = {isa = PBXBuildFile; fileRef = 834D69A12BA5148400DE0EEF /* Fool.swift */; };
		834D69A42BA5148F00DE0EEF /* FoolProtocols.swift in Sources */ = {isa = PBXBuildFile; fileRef = 834D69A32BA5148F00DE0EEF /* FoolProtocols.swift */; };
		834D69A72BA514C000DE0EEF /* Assistant.swift in Sources */ = {isa = PBXBuildFile; fileRef = 834D69A62BA514C000DE0EEF /* Assistant.swift */; };
		834D69A92BA514CA00DE0EEF /* AssistantProtocols.swift in Sources */ = {isa = PBXBuildFile; fileRef = 834D69A82BA514CA00DE0EEF /* AssistantProtocols.swift */; };
		83610E6B2BA5CB510074458E /* SidebarMenuView.swift in Sources */ = {isa = PBXBuildFile; fileRef = 83610E6A2BA5CB510074458E /* SidebarMenuView.swift */; };
		839599B72BA5257D00D998B2 /* SwiftOpenAI in Frameworks */ = {isa = PBXBuildFile; productRef = 839599B62BA5257D00D998B2 /* SwiftOpenAI */; };
		83A0F53E2BA5AD8500B3FE1B /* SwiftDotEnv in Frameworks */ = {isa = PBXBuildFile; productRef = 83A0F53D2BA5AD8500B3FE1B /* SwiftDotEnv */; };
		83D3CCF92BA5992500D5FCD5 /* SwiftDotEnv in Frameworks */ = {isa = PBXBuildFile; productRef = 83D3CCF82BA5992500D5FCD5 /* SwiftDotEnv */; };
		83D3CCFB2BA59A2700D5FCD5 /* SwiftDotEnv in Frameworks */ = {isa = PBXBuildFile; productRef = 83D3CCFA2BA59A2700D5FCD5 /* SwiftDotEnv */; };
		83D3CCFD2BA59CC100D5FCD5 /* SwiftOpenAI in Frameworks */ = {isa = PBXBuildFile; productRef = 83D3CCFC2BA59CC100D5FCD5 /* SwiftOpenAI */; };
		83D3CCFF2BA59CCB00D5FCD5 /* SwiftOpenAI in Frameworks */ = {isa = PBXBuildFile; productRef = 83D3CCFE2BA59CCB00D5FCD5 /* SwiftOpenAI */; };
		83F7A40D2BA5A28900003C96 /* Vision.swift in Sources */ = {isa = PBXBuildFile; fileRef = 83F7A40C2BA5A28900003C96 /* Vision.swift */; };
		83F7A40F2BA5A2A900003C96 /* VisionProtocols.swift in Sources */ = {isa = PBXBuildFile; fileRef = 83F7A40E2BA5A2A900003C96 /* VisionProtocols.swift */; };
/* End PBXBuildFile section */

/* Begin PBXContainerItemProxy section */
		50DFD0962BA508B500429932 /* PBXContainerItemProxy */ = {
			isa = PBXContainerItemProxy;
			containerPortal = 50DFD07C2BA508B400429932 /* Project object */;
			proxyType = 1;
			remoteGlobalIDString = 50DFD0832BA508B400429932;
			remoteInfo = Roshi;
		};
		50DFD0A02BA508B500429932 /* PBXContainerItemProxy */ = {
			isa = PBXContainerItemProxy;
			containerPortal = 50DFD07C2BA508B400429932 /* Project object */;
			proxyType = 1;
			remoteGlobalIDString = 50DFD0832BA508B400429932;
			remoteInfo = Roshi;
		};
/* End PBXContainerItemProxy section */

/* Begin PBXFileReference section */
		447104A22BA59DC500759C36 /* SegmentedView.swift */ = {isa = PBXFileReference; lastKnownFileType = sourcecode.swift; path = SegmentedView.swift; sourceTree = "<group>"; };
		448373F32BA56B9B002B7FCE /* Bulma.swift */ = {isa = PBXFileReference; lastKnownFileType = sourcecode.swift; path = Bulma.swift; sourceTree = "<group>"; };
		448373F52BA5707E002B7FCE /* Bulma - Iteration 18900.mlmodel */ = {isa = PBXFileReference; lastKnownFileType = file.mlmodel; path = "Bulma - Iteration 18900.mlmodel"; sourceTree = "<group>"; };
		448373F82BA57347002B7FCE /* WebView.swift */ = {isa = PBXFileReference; lastKnownFileType = sourcecode.swift; path = WebView.swift; sourceTree = "<group>"; };
		448373FB2BA57412002B7FCE /* WebViewModel.swift */ = {isa = PBXFileReference; lastKnownFileType = sourcecode.swift; path = WebViewModel.swift; sourceTree = "<group>"; };
		50DFD0842BA508B400429932 /* Roshi.app */ = {isa = PBXFileReference; explicitFileType = wrapper.application; includeInIndex = 0; path = Roshi.app; sourceTree = BUILT_PRODUCTS_DIR; };
		50DFD0872BA508B400429932 /* RoshiApp.swift */ = {isa = PBXFileReference; lastKnownFileType = sourcecode.swift; path = RoshiApp.swift; sourceTree = "<group>"; };
		50DFD0892BA508B400429932 /* ContentView.swift */ = {isa = PBXFileReference; lastKnownFileType = sourcecode.swift; path = ContentView.swift; sourceTree = "<group>"; };
		50DFD08B2BA508B500429932 /* Assets.xcassets */ = {isa = PBXFileReference; lastKnownFileType = folder.assetcatalog; path = Assets.xcassets; sourceTree = "<group>"; };
		50DFD08E2BA508B500429932 /* Preview Assets.xcassets */ = {isa = PBXFileReference; lastKnownFileType = folder.assetcatalog; path = "Preview Assets.xcassets"; sourceTree = "<group>"; };
		50DFD0902BA508B500429932 /* Roshi.entitlements */ = {isa = PBXFileReference; lastKnownFileType = text.plist.entitlements; path = Roshi.entitlements; sourceTree = "<group>"; };
		50DFD0952BA508B500429932 /* RoshiTests.xctest */ = {isa = PBXFileReference; explicitFileType = wrapper.cfbundle; includeInIndex = 0; path = RoshiTests.xctest; sourceTree = BUILT_PRODUCTS_DIR; };
		50DFD0992BA508B500429932 /* RoshiTests.swift */ = {isa = PBXFileReference; lastKnownFileType = sourcecode.swift; path = RoshiTests.swift; sourceTree = "<group>"; };
		50DFD09F2BA508B500429932 /* RoshiUITests.xctest */ = {isa = PBXFileReference; explicitFileType = wrapper.cfbundle; includeInIndex = 0; path = RoshiUITests.xctest; sourceTree = BUILT_PRODUCTS_DIR; };
		50DFD0A32BA508B500429932 /* RoshiUITests.swift */ = {isa = PBXFileReference; lastKnownFileType = sourcecode.swift; path = RoshiUITests.swift; sourceTree = "<group>"; };
		50DFD0A52BA508B500429932 /* RoshiUITestsLaunchTests.swift */ = {isa = PBXFileReference; lastKnownFileType = sourcecode.swift; path = RoshiUITestsLaunchTests.swift; sourceTree = "<group>"; };
		50FA223B2BA5990A00382BB7 /* ToolBarView.swift */ = {isa = PBXFileReference; lastKnownFileType = sourcecode.swift; path = ToolBarView.swift; sourceTree = "<group>"; };
		50FA223D2BA5A03100382BB7 /* ChatRoshiView.swift */ = {isa = PBXFileReference; lastKnownFileType = sourcecode.swift; path = ChatRoshiView.swift; sourceTree = "<group>"; };
		50FA22412BA5B8D600382BB7 /* NewChallengeView.swift */ = {isa = PBXFileReference; lastKnownFileType = sourcecode.swift; path = NewChallengeView.swift; sourceTree = "<group>"; };
		8315CC112BA50C41000205E9 /* Brain.swift */ = {isa = PBXFileReference; lastKnownFileType = sourcecode.swift; path = Brain.swift; sourceTree = "<group>"; };
		834D699D2BA5143C00DE0EEF /* BrainProtocols.swift */ = {isa = PBXFileReference; lastKnownFileType = sourcecode.swift; path = BrainProtocols.swift; sourceTree = "<group>"; };
		834D69A12BA5148400DE0EEF /* Fool.swift */ = {isa = PBXFileReference; lastKnownFileType = sourcecode.swift; path = Fool.swift; sourceTree = "<group>"; };
		834D69A32BA5148F00DE0EEF /* FoolProtocols.swift */ = {isa = PBXFileReference; lastKnownFileType = sourcecode.swift; path = FoolProtocols.swift; sourceTree = "<group>"; };
		834D69A62BA514C000DE0EEF /* Assistant.swift */ = {isa = PBXFileReference; lastKnownFileType = sourcecode.swift; path = Assistant.swift; sourceTree = "<group>"; };
		834D69A82BA514CA00DE0EEF /* AssistantProtocols.swift */ = {isa = PBXFileReference; lastKnownFileType = sourcecode.swift; path = AssistantProtocols.swift; sourceTree = "<group>"; };
		83610E6A2BA5CB510074458E /* SidebarMenuView.swift */ = {isa = PBXFileReference; lastKnownFileType = sourcecode.swift; path = SidebarMenuView.swift; sourceTree = "<group>"; };
		83F7A40C2BA5A28900003C96 /* Vision.swift */ = {isa = PBXFileReference; lastKnownFileType = sourcecode.swift; path = Vision.swift; sourceTree = "<group>"; };
		83F7A40E2BA5A2A900003C96 /* VisionProtocols.swift */ = {isa = PBXFileReference; lastKnownFileType = sourcecode.swift; path = VisionProtocols.swift; sourceTree = "<group>"; };
/* End PBXFileReference section */

/* Begin PBXFrameworksBuildPhase section */
		50DFD0812BA508B400429932 /* Frameworks */ = {
			isa = PBXFrameworksBuildPhase;
			buildActionMask = 2147483647;
			files = (
				83A0F53E2BA5AD8500B3FE1B /* SwiftDotEnv in Frameworks */,
				839599B72BA5257D00D998B2 /* SwiftOpenAI in Frameworks */,
			);
			runOnlyForDeploymentPostprocessing = 0;
		};
		50DFD0922BA508B500429932 /* Frameworks */ = {
			isa = PBXFrameworksBuildPhase;
			buildActionMask = 2147483647;
			files = (
				83D3CCFD2BA59CC100D5FCD5 /* SwiftOpenAI in Frameworks */,
				83D3CCF92BA5992500D5FCD5 /* SwiftDotEnv in Frameworks */,
			);
			runOnlyForDeploymentPostprocessing = 0;
		};
		50DFD09C2BA508B500429932 /* Frameworks */ = {
			isa = PBXFrameworksBuildPhase;
			buildActionMask = 2147483647;
			files = (
				83D3CCFF2BA59CCB00D5FCD5 /* SwiftOpenAI in Frameworks */,
				83D3CCFB2BA59A2700D5FCD5 /* SwiftDotEnv in Frameworks */,
			);
			runOnlyForDeploymentPostprocessing = 0;
		};
/* End PBXFrameworksBuildPhase section */

/* Begin PBXGroup section */
		448373F02BA569F0002B7FCE /* Bulma */ = {
			isa = PBXGroup;
			children = (
				448373F52BA5707E002B7FCE /* Bulma - Iteration 18900.mlmodel */,
				448373F32BA56B9B002B7FCE /* Bulma.swift */,
				447104A22BA59DC500759C36 /* SegmentedView.swift */,
			);
			path = Bulma;
			sourceTree = "<group>";
		};
		448373F72BA57309002B7FCE /* Views */ = {
			isa = PBXGroup;
			children = (
				448373F82BA57347002B7FCE /* WebView.swift */,
			);
			path = Views;
			sourceTree = "<group>";
		};
		448373FA2BA573F8002B7FCE /* ViewModels */ = {
			isa = PBXGroup;
			children = (
				448373FB2BA57412002B7FCE /* WebViewModel.swift */,
			);
			path = ViewModels;
			sourceTree = "<group>";
		};
		50DFD07B2BA508B400429932 = {
			isa = PBXGroup;
			children = (
				50DFD0862BA508B400429932 /* Roshi */,
				50DFD0982BA508B500429932 /* RoshiTests */,
				50DFD0A22BA508B500429932 /* RoshiUITests */,
				50DFD0852BA508B400429932 /* Products */,
				839599B82BA525BC00D998B2 /* Frameworks */,
			);
			sourceTree = "<group>";
		};
		50DFD0852BA508B400429932 /* Products */ = {
			isa = PBXGroup;
			children = (
				50DFD0842BA508B400429932 /* Roshi.app */,
				50DFD0952BA508B500429932 /* RoshiTests.xctest */,
				50DFD09F2BA508B500429932 /* RoshiUITests.xctest */,
			);
			name = Products;
			sourceTree = "<group>";
		};
		50DFD0862BA508B400429932 /* Roshi */ = {
			isa = PBXGroup;
			children = (
				83F7A40B2BA5A28000003C96 /* Vision */,
				448373FA2BA573F8002B7FCE /* ViewModels */,
				448373F72BA57309002B7FCE /* Views */,
				448373F02BA569F0002B7FCE /* Bulma */,
				834D69A52BA514AF00DE0EEF /* Assistant */,
				834D69A02BA5146C00DE0EEF /* Fool */,
				832F26192BA50B1A0077CDB6 /* Brain */,
				50DFD0872BA508B400429932 /* RoshiApp.swift */,
				50DFD0892BA508B400429932 /* ContentView.swift */,
				50DFD08B2BA508B500429932 /* Assets.xcassets */,
				50DFD0902BA508B500429932 /* Roshi.entitlements */,
				50DFD08D2BA508B500429932 /* Preview Content */,
				50FA223D2BA5A03100382BB7 /* ChatRoshiView.swift */,
				50FA223B2BA5990A00382BB7 /* ToolBarView.swift */,
				50FA22412BA5B8D600382BB7 /* NewChallengeView.swift */,
				83610E6A2BA5CB510074458E /* SidebarMenuView.swift */,
			);
			path = Roshi;
			sourceTree = "<group>";
		};
		50DFD08D2BA508B500429932 /* Preview Content */ = {
			isa = PBXGroup;
			children = (
				50DFD08E2BA508B500429932 /* Preview Assets.xcassets */,
			);
			path = "Preview Content";
			sourceTree = "<group>";
		};
		50DFD0982BA508B500429932 /* RoshiTests */ = {
			isa = PBXGroup;
			children = (
				50DFD0992BA508B500429932 /* RoshiTests.swift */,
			);
			path = RoshiTests;
			sourceTree = "<group>";
		};
		50DFD0A22BA508B500429932 /* RoshiUITests */ = {
			isa = PBXGroup;
			children = (
				50DFD0A32BA508B500429932 /* RoshiUITests.swift */,
				50DFD0A52BA508B500429932 /* RoshiUITestsLaunchTests.swift */,
			);
			path = RoshiUITests;
			sourceTree = "<group>";
		};
		832F26192BA50B1A0077CDB6 /* Brain */ = {
			isa = PBXGroup;
			children = (
				8315CC112BA50C41000205E9 /* Brain.swift */,
				834D699D2BA5143C00DE0EEF /* BrainProtocols.swift */,
			);
			path = Brain;
			sourceTree = "<group>";
		};
		834D69A02BA5146C00DE0EEF /* Fool */ = {
			isa = PBXGroup;
			children = (
				834D69A12BA5148400DE0EEF /* Fool.swift */,
				834D69A32BA5148F00DE0EEF /* FoolProtocols.swift */,
			);
			path = Fool;
			sourceTree = "<group>";
		};
		834D69A52BA514AF00DE0EEF /* Assistant */ = {
			isa = PBXGroup;
			children = (
				834D69A62BA514C000DE0EEF /* Assistant.swift */,
				834D69A82BA514CA00DE0EEF /* AssistantProtocols.swift */,
			);
			path = Assistant;
			sourceTree = "<group>";
		};
		839599B82BA525BC00D998B2 /* Frameworks */ = {
			isa = PBXGroup;
			children = (
			);
			name = Frameworks;
			sourceTree = "<group>";
		};
		83F7A40B2BA5A28000003C96 /* Vision */ = {
			isa = PBXGroup;
			children = (
				83F7A40C2BA5A28900003C96 /* Vision.swift */,
				83F7A40E2BA5A2A900003C96 /* VisionProtocols.swift */,
			);
			path = Vision;
			sourceTree = "<group>";
		};
/* End PBXGroup section */

/* Begin PBXNativeTarget section */
		50DFD0832BA508B400429932 /* Roshi */ = {
			isa = PBXNativeTarget;
			buildConfigurationList = 50DFD0A92BA508B500429932 /* Build configuration list for PBXNativeTarget "Roshi" */;
			buildPhases = (
				50DFD0802BA508B400429932 /* Sources */,
				50DFD0812BA508B400429932 /* Frameworks */,
				50DFD0822BA508B400429932 /* Resources */,
			);
			buildRules = (
			);
			dependencies = (
			);
			name = Roshi;
			packageProductDependencies = (
				839599B62BA5257D00D998B2 /* SwiftOpenAI */,
				83A0F53D2BA5AD8500B3FE1B /* SwiftDotEnv */,
			);
			productName = Roshi;
			productReference = 50DFD0842BA508B400429932 /* Roshi.app */;
			productType = "com.apple.product-type.application";
		};
		50DFD0942BA508B500429932 /* RoshiTests */ = {
			isa = PBXNativeTarget;
			buildConfigurationList = 50DFD0AC2BA508B500429932 /* Build configuration list for PBXNativeTarget "RoshiTests" */;
			buildPhases = (
				50DFD0912BA508B500429932 /* Sources */,
				50DFD0922BA508B500429932 /* Frameworks */,
				50DFD0932BA508B500429932 /* Resources */,
			);
			buildRules = (
			);
			dependencies = (
				50DFD0972BA508B500429932 /* PBXTargetDependency */,
			);
			name = RoshiTests;
			packageProductDependencies = (
				83D3CCF82BA5992500D5FCD5 /* SwiftDotEnv */,
				83D3CCFC2BA59CC100D5FCD5 /* SwiftOpenAI */,
			);
			productName = RoshiTests;
			productReference = 50DFD0952BA508B500429932 /* RoshiTests.xctest */;
			productType = "com.apple.product-type.bundle.unit-test";
		};
		50DFD09E2BA508B500429932 /* RoshiUITests */ = {
			isa = PBXNativeTarget;
			buildConfigurationList = 50DFD0AF2BA508B500429932 /* Build configuration list for PBXNativeTarget "RoshiUITests" */;
			buildPhases = (
				50DFD09B2BA508B500429932 /* Sources */,
				50DFD09C2BA508B500429932 /* Frameworks */,
				50DFD09D2BA508B500429932 /* Resources */,
			);
			buildRules = (
			);
			dependencies = (
				50DFD0A12BA508B500429932 /* PBXTargetDependency */,
			);
			name = RoshiUITests;
			packageProductDependencies = (
				83D3CCFA2BA59A2700D5FCD5 /* SwiftDotEnv */,
				83D3CCFE2BA59CCB00D5FCD5 /* SwiftOpenAI */,
			);
			productName = RoshiUITests;
			productReference = 50DFD09F2BA508B500429932 /* RoshiUITests.xctest */;
			productType = "com.apple.product-type.bundle.ui-testing";
		};
/* End PBXNativeTarget section */

/* Begin PBXProject section */
		50DFD07C2BA508B400429932 /* Project object */ = {
			isa = PBXProject;
			attributes = {
				BuildIndependentTargetsInParallel = 1;
				LastSwiftUpdateCheck = 1530;
				LastUpgradeCheck = 1530;
				TargetAttributes = {
					50DFD0832BA508B400429932 = {
						CreatedOnToolsVersion = 15.3;
					};
					50DFD0942BA508B500429932 = {
						CreatedOnToolsVersion = 15.3;
						TestTargetID = 50DFD0832BA508B400429932;
					};
					50DFD09E2BA508B500429932 = {
						CreatedOnToolsVersion = 15.3;
						TestTargetID = 50DFD0832BA508B400429932;
					};
				};
			};
			buildConfigurationList = 50DFD07F2BA508B400429932 /* Build configuration list for PBXProject "Roshi" */;
			compatibilityVersion = "Xcode 14.0";
			developmentRegion = en;
			hasScannedForEncodings = 0;
			knownRegions = (
				en,
				Base,
			);
			mainGroup = 50DFD07B2BA508B400429932;
			packageReferences = (
				839599B52BA5254500D998B2 /* XCRemoteSwiftPackageReference "SwiftOpenAI" */,
				83D3CCF52BA5985200D5FCD5 /* XCRemoteSwiftPackageReference "SwiftDotEnv" */,
			);
			productRefGroup = 50DFD0852BA508B400429932 /* Products */;
			projectDirPath = "";
			projectRoot = "";
			targets = (
				50DFD0832BA508B400429932 /* Roshi */,
				50DFD0942BA508B500429932 /* RoshiTests */,
				50DFD09E2BA508B500429932 /* RoshiUITests */,
			);
		};
/* End PBXProject section */

/* Begin PBXResourcesBuildPhase section */
		50DFD0822BA508B400429932 /* Resources */ = {
			isa = PBXResourcesBuildPhase;
			buildActionMask = 2147483647;
			files = (
				50DFD08F2BA508B500429932 /* Preview Assets.xcassets in Resources */,
				50DFD08C2BA508B500429932 /* Assets.xcassets in Resources */,
			);
			runOnlyForDeploymentPostprocessing = 0;
		};
		50DFD0932BA508B500429932 /* Resources */ = {
			isa = PBXResourcesBuildPhase;
			buildActionMask = 2147483647;
			files = (
			);
			runOnlyForDeploymentPostprocessing = 0;
		};
		50DFD09D2BA508B500429932 /* Resources */ = {
			isa = PBXResourcesBuildPhase;
			buildActionMask = 2147483647;
			files = (
			);
			runOnlyForDeploymentPostprocessing = 0;
		};
/* End PBXResourcesBuildPhase section */

/* Begin PBXSourcesBuildPhase section */
		50DFD0802BA508B400429932 /* Sources */ = {
			isa = PBXSourcesBuildPhase;
			buildActionMask = 2147483647;
			files = (
				834D699E2BA5143C00DE0EEF /* BrainProtocols.swift in Sources */,
				448373F42BA56B9B002B7FCE /* Bulma.swift in Sources */,
				834D69A42BA5148F00DE0EEF /* FoolProtocols.swift in Sources */,
				834D69A92BA514CA00DE0EEF /* AssistantProtocols.swift in Sources */,
				447104A32BA59DC500759C36 /* SegmentedView.swift in Sources */,
				448373F62BA5707E002B7FCE /* Bulma - Iteration 18900.mlmodel in Sources */,
				83F7A40F2BA5A2A900003C96 /* VisionProtocols.swift in Sources */,
				834D69A72BA514C000DE0EEF /* Assistant.swift in Sources */,
				50FA223C2BA5990A00382BB7 /* ToolBarView.swift in Sources */,
				50FA22422BA5B8D600382BB7 /* NewChallengeView.swift in Sources */,
				83610E6B2BA5CB510074458E /* SidebarMenuView.swift in Sources */,
				50FA223E2BA5A03100382BB7 /* ChatRoshiView.swift in Sources */,
				50DFD08A2BA508B400429932 /* ContentView.swift in Sources */,
				448373FC2BA57412002B7FCE /* WebViewModel.swift in Sources */,
				834D69A22BA5148400DE0EEF /* Fool.swift in Sources */,
				8315CC122BA50C41000205E9 /* Brain.swift in Sources */,
				50DFD0882BA508B400429932 /* RoshiApp.swift in Sources */,
				83F7A40D2BA5A28900003C96 /* Vision.swift in Sources */,
				448373F92BA57347002B7FCE /* WebView.swift in Sources */,
			);
			runOnlyForDeploymentPostprocessing = 0;
		};
		50DFD0912BA508B500429932 /* Sources */ = {
			isa = PBXSourcesBuildPhase;
			buildActionMask = 2147483647;
			files = (
				50DFD09A2BA508B500429932 /* RoshiTests.swift in Sources */,
			);
			runOnlyForDeploymentPostprocessing = 0;
		};
		50DFD09B2BA508B500429932 /* Sources */ = {
			isa = PBXSourcesBuildPhase;
			buildActionMask = 2147483647;
			files = (
				50DFD0A62BA508B500429932 /* RoshiUITestsLaunchTests.swift in Sources */,
				50DFD0A42BA508B500429932 /* RoshiUITests.swift in Sources */,
			);
			runOnlyForDeploymentPostprocessing = 0;
		};
/* End PBXSourcesBuildPhase section */

/* Begin PBXTargetDependency section */
		50DFD0972BA508B500429932 /* PBXTargetDependency */ = {
			isa = PBXTargetDependency;
			target = 50DFD0832BA508B400429932 /* Roshi */;
			targetProxy = 50DFD0962BA508B500429932 /* PBXContainerItemProxy */;
		};
		50DFD0A12BA508B500429932 /* PBXTargetDependency */ = {
			isa = PBXTargetDependency;
			target = 50DFD0832BA508B400429932 /* Roshi */;
			targetProxy = 50DFD0A02BA508B500429932 /* PBXContainerItemProxy */;
		};
/* End PBXTargetDependency section */

/* Begin XCBuildConfiguration section */
		50DFD0A72BA508B500429932 /* Debug */ = {
			isa = XCBuildConfiguration;
			buildSettings = {
				ALWAYS_SEARCH_USER_PATHS = NO;
				ASSETCATALOG_COMPILER_GENERATE_SWIFT_ASSET_SYMBOL_EXTENSIONS = YES;
				CLANG_ANALYZER_NONNULL = YES;
				CLANG_ANALYZER_NUMBER_OBJECT_CONVERSION = YES_AGGRESSIVE;
				CLANG_CXX_LANGUAGE_STANDARD = "gnu++20";
				CLANG_ENABLE_MODULES = YES;
				CLANG_ENABLE_OBJC_ARC = YES;
				CLANG_ENABLE_OBJC_WEAK = YES;
				CLANG_WARN_BLOCK_CAPTURE_AUTORELEASING = YES;
				CLANG_WARN_BOOL_CONVERSION = YES;
				CLANG_WARN_COMMA = YES;
				CLANG_WARN_CONSTANT_CONVERSION = YES;
				CLANG_WARN_DEPRECATED_OBJC_IMPLEMENTATIONS = YES;
				CLANG_WARN_DIRECT_OBJC_ISA_USAGE = YES_ERROR;
				CLANG_WARN_DOCUMENTATION_COMMENTS = YES;
				CLANG_WARN_EMPTY_BODY = YES;
				CLANG_WARN_ENUM_CONVERSION = YES;
				CLANG_WARN_INFINITE_RECURSION = YES;
				CLANG_WARN_INT_CONVERSION = YES;
				CLANG_WARN_NON_LITERAL_NULL_CONVERSION = YES;
				CLANG_WARN_OBJC_IMPLICIT_RETAIN_SELF = YES;
				CLANG_WARN_OBJC_LITERAL_CONVERSION = YES;
				CLANG_WARN_OBJC_ROOT_CLASS = YES_ERROR;
				CLANG_WARN_QUOTED_INCLUDE_IN_FRAMEWORK_HEADER = YES;
				CLANG_WARN_RANGE_LOOP_ANALYSIS = YES;
				CLANG_WARN_STRICT_PROTOTYPES = YES;
				CLANG_WARN_SUSPICIOUS_MOVE = YES;
				CLANG_WARN_UNGUARDED_AVAILABILITY = YES_AGGRESSIVE;
				CLANG_WARN_UNREACHABLE_CODE = YES;
				CLANG_WARN__DUPLICATE_METHOD_MATCH = YES;
				COPY_PHASE_STRIP = NO;
				DEBUG_INFORMATION_FORMAT = dwarf;
				ENABLE_STRICT_OBJC_MSGSEND = YES;
				ENABLE_TESTABILITY = YES;
				ENABLE_USER_SCRIPT_SANDBOXING = YES;
				GCC_C_LANGUAGE_STANDARD = gnu17;
				GCC_DYNAMIC_NO_PIC = NO;
				GCC_NO_COMMON_BLOCKS = YES;
				GCC_OPTIMIZATION_LEVEL = 0;
				GCC_PREPROCESSOR_DEFINITIONS = (
					"DEBUG=1",
					"$(inherited)",
				);
				GCC_WARN_64_TO_32_BIT_CONVERSION = YES;
				GCC_WARN_ABOUT_RETURN_TYPE = YES_ERROR;
				GCC_WARN_UNDECLARED_SELECTOR = YES;
				GCC_WARN_UNINITIALIZED_AUTOS = YES_AGGRESSIVE;
				GCC_WARN_UNUSED_FUNCTION = YES;
				GCC_WARN_UNUSED_VARIABLE = YES;
				LOCALIZATION_PREFERS_STRING_CATALOGS = YES;
				MACOSX_DEPLOYMENT_TARGET = 14.4;
				MTL_ENABLE_DEBUG_INFO = INCLUDE_SOURCE;
				MTL_FAST_MATH = YES;
				ONLY_ACTIVE_ARCH = YES;
				SDKROOT = macosx;
				SWIFT_ACTIVE_COMPILATION_CONDITIONS = "DEBUG $(inherited)";
				SWIFT_OPTIMIZATION_LEVEL = "-Onone";
			};
			name = Debug;
		};
		50DFD0A82BA508B500429932 /* Release */ = {
			isa = XCBuildConfiguration;
			buildSettings = {
				ALWAYS_SEARCH_USER_PATHS = NO;
				ASSETCATALOG_COMPILER_GENERATE_SWIFT_ASSET_SYMBOL_EXTENSIONS = YES;
				CLANG_ANALYZER_NONNULL = YES;
				CLANG_ANALYZER_NUMBER_OBJECT_CONVERSION = YES_AGGRESSIVE;
				CLANG_CXX_LANGUAGE_STANDARD = "gnu++20";
				CLANG_ENABLE_MODULES = YES;
				CLANG_ENABLE_OBJC_ARC = YES;
				CLANG_ENABLE_OBJC_WEAK = YES;
				CLANG_WARN_BLOCK_CAPTURE_AUTORELEASING = YES;
				CLANG_WARN_BOOL_CONVERSION = YES;
				CLANG_WARN_COMMA = YES;
				CLANG_WARN_CONSTANT_CONVERSION = YES;
				CLANG_WARN_DEPRECATED_OBJC_IMPLEMENTATIONS = YES;
				CLANG_WARN_DIRECT_OBJC_ISA_USAGE = YES_ERROR;
				CLANG_WARN_DOCUMENTATION_COMMENTS = YES;
				CLANG_WARN_EMPTY_BODY = YES;
				CLANG_WARN_ENUM_CONVERSION = YES;
				CLANG_WARN_INFINITE_RECURSION = YES;
				CLANG_WARN_INT_CONVERSION = YES;
				CLANG_WARN_NON_LITERAL_NULL_CONVERSION = YES;
				CLANG_WARN_OBJC_IMPLICIT_RETAIN_SELF = YES;
				CLANG_WARN_OBJC_LITERAL_CONVERSION = YES;
				CLANG_WARN_OBJC_ROOT_CLASS = YES_ERROR;
				CLANG_WARN_QUOTED_INCLUDE_IN_FRAMEWORK_HEADER = YES;
				CLANG_WARN_RANGE_LOOP_ANALYSIS = YES;
				CLANG_WARN_STRICT_PROTOTYPES = YES;
				CLANG_WARN_SUSPICIOUS_MOVE = YES;
				CLANG_WARN_UNGUARDED_AVAILABILITY = YES_AGGRESSIVE;
				CLANG_WARN_UNREACHABLE_CODE = YES;
				CLANG_WARN__DUPLICATE_METHOD_MATCH = YES;
				COPY_PHASE_STRIP = NO;
				DEBUG_INFORMATION_FORMAT = "dwarf-with-dsym";
				ENABLE_NS_ASSERTIONS = NO;
				ENABLE_STRICT_OBJC_MSGSEND = YES;
				ENABLE_USER_SCRIPT_SANDBOXING = YES;
				GCC_C_LANGUAGE_STANDARD = gnu17;
				GCC_NO_COMMON_BLOCKS = YES;
				GCC_WARN_64_TO_32_BIT_CONVERSION = YES;
				GCC_WARN_ABOUT_RETURN_TYPE = YES_ERROR;
				GCC_WARN_UNDECLARED_SELECTOR = YES;
				GCC_WARN_UNINITIALIZED_AUTOS = YES_AGGRESSIVE;
				GCC_WARN_UNUSED_FUNCTION = YES;
				GCC_WARN_UNUSED_VARIABLE = YES;
				LOCALIZATION_PREFERS_STRING_CATALOGS = YES;
				MACOSX_DEPLOYMENT_TARGET = 14.4;
				MTL_ENABLE_DEBUG_INFO = NO;
				MTL_FAST_MATH = YES;
				SDKROOT = macosx;
				SWIFT_COMPILATION_MODE = wholemodule;
			};
			name = Release;
		};
		50DFD0AA2BA508B500429932 /* Debug */ = {
			isa = XCBuildConfiguration;
			buildSettings = {
				ASSETCATALOG_COMPILER_APPICON_NAME = AppIcon;
				ASSETCATALOG_COMPILER_GLOBAL_ACCENT_COLOR_NAME = AccentColor;
				CODE_SIGN_ENTITLEMENTS = Roshi/Roshi.entitlements;
				CODE_SIGN_STYLE = Automatic;
				COMBINE_HIDPI_IMAGES = YES;
				CURRENT_PROJECT_VERSION = 1;
				DEVELOPMENT_ASSET_PATHS = "\"Roshi/Preview Content\"";
				ENABLE_PREVIEWS = YES;
				GENERATE_INFOPLIST_FILE = YES;
				INFOPLIST_KEY_NSHumanReadableCopyright = "";
				LD_RUNPATH_SEARCH_PATHS = (
					"$(inherited)",
					"@executable_path/../Frameworks",
				);
				MARKETING_VERSION = 1.0;
				PRODUCT_BUNDLE_IDENTIFIER = "Team-Hortons.Roshi";
				PRODUCT_NAME = "$(TARGET_NAME)";
				SWIFT_EMIT_LOC_STRINGS = YES;
				SWIFT_VERSION = 5.0;
			};
			name = Debug;
		};
		50DFD0AB2BA508B500429932 /* Release */ = {
			isa = XCBuildConfiguration;
			buildSettings = {
				ASSETCATALOG_COMPILER_APPICON_NAME = AppIcon;
				ASSETCATALOG_COMPILER_GLOBAL_ACCENT_COLOR_NAME = AccentColor;
				CODE_SIGN_ENTITLEMENTS = Roshi/Roshi.entitlements;
				CODE_SIGN_STYLE = Automatic;
				COMBINE_HIDPI_IMAGES = YES;
				CURRENT_PROJECT_VERSION = 1;
				DEVELOPMENT_ASSET_PATHS = "\"Roshi/Preview Content\"";
				ENABLE_PREVIEWS = YES;
				GENERATE_INFOPLIST_FILE = YES;
				INFOPLIST_KEY_NSHumanReadableCopyright = "";
				LD_RUNPATH_SEARCH_PATHS = (
					"$(inherited)",
					"@executable_path/../Frameworks",
				);
				MARKETING_VERSION = 1.0;
				PRODUCT_BUNDLE_IDENTIFIER = "Team-Hortons.Roshi";
				PRODUCT_NAME = "$(TARGET_NAME)";
				SWIFT_EMIT_LOC_STRINGS = YES;
				SWIFT_VERSION = 5.0;
			};
			name = Release;
		};
		50DFD0AD2BA508B500429932 /* Debug */ = {
			isa = XCBuildConfiguration;
			buildSettings = {
				ALWAYS_EMBED_SWIFT_STANDARD_LIBRARIES = YES;
				BUNDLE_LOADER = "$(TEST_HOST)";
				CODE_SIGN_STYLE = Automatic;
				CURRENT_PROJECT_VERSION = 1;
				GENERATE_INFOPLIST_FILE = YES;
				MACOSX_DEPLOYMENT_TARGET = 14.4;
				MARKETING_VERSION = 1.0;
				PRODUCT_BUNDLE_IDENTIFIER = "Team-Hortons.RoshiTests";
				PRODUCT_NAME = "$(TARGET_NAME)";
				SWIFT_EMIT_LOC_STRINGS = NO;
				SWIFT_VERSION = 5.0;
				TEST_HOST = "$(BUILT_PRODUCTS_DIR)/Roshi.app/$(BUNDLE_EXECUTABLE_FOLDER_PATH)/Roshi";
			};
			name = Debug;
		};
		50DFD0AE2BA508B500429932 /* Release */ = {
			isa = XCBuildConfiguration;
			buildSettings = {
				ALWAYS_EMBED_SWIFT_STANDARD_LIBRARIES = YES;
				BUNDLE_LOADER = "$(TEST_HOST)";
				CODE_SIGN_STYLE = Automatic;
				CURRENT_PROJECT_VERSION = 1;
				GENERATE_INFOPLIST_FILE = YES;
				MACOSX_DEPLOYMENT_TARGET = 14.4;
				MARKETING_VERSION = 1.0;
				PRODUCT_BUNDLE_IDENTIFIER = "Team-Hortons.RoshiTests";
				PRODUCT_NAME = "$(TARGET_NAME)";
				SWIFT_EMIT_LOC_STRINGS = NO;
				SWIFT_VERSION = 5.0;
				TEST_HOST = "$(BUILT_PRODUCTS_DIR)/Roshi.app/$(BUNDLE_EXECUTABLE_FOLDER_PATH)/Roshi";
			};
			name = Release;
		};
		50DFD0B02BA508B500429932 /* Debug */ = {
			isa = XCBuildConfiguration;
			buildSettings = {
				ALWAYS_EMBED_SWIFT_STANDARD_LIBRARIES = YES;
				CODE_SIGN_STYLE = Automatic;
				CURRENT_PROJECT_VERSION = 1;
				GENERATE_INFOPLIST_FILE = YES;
				MARKETING_VERSION = 1.0;
				PRODUCT_BUNDLE_IDENTIFIER = "Team-Hortons.RoshiUITests";
				PRODUCT_NAME = "$(TARGET_NAME)";
				SWIFT_EMIT_LOC_STRINGS = NO;
				SWIFT_VERSION = 5.0;
				TEST_TARGET_NAME = Roshi;
			};
			name = Debug;
		};
		50DFD0B12BA508B500429932 /* Release */ = {
			isa = XCBuildConfiguration;
			buildSettings = {
				ALWAYS_EMBED_SWIFT_STANDARD_LIBRARIES = YES;
				CODE_SIGN_STYLE = Automatic;
				CURRENT_PROJECT_VERSION = 1;
				GENERATE_INFOPLIST_FILE = YES;
				MARKETING_VERSION = 1.0;
				PRODUCT_BUNDLE_IDENTIFIER = "Team-Hortons.RoshiUITests";
				PRODUCT_NAME = "$(TARGET_NAME)";
				SWIFT_EMIT_LOC_STRINGS = NO;
				SWIFT_VERSION = 5.0;
				TEST_TARGET_NAME = Roshi;
			};
			name = Release;
		};
/* End XCBuildConfiguration section */

/* Begin XCConfigurationList section */
		50DFD07F2BA508B400429932 /* Build configuration list for PBXProject "Roshi" */ = {
			isa = XCConfigurationList;
			buildConfigurations = (
				50DFD0A72BA508B500429932 /* Debug */,
				50DFD0A82BA508B500429932 /* Release */,
			);
			defaultConfigurationIsVisible = 0;
			defaultConfigurationName = Release;
		};
		50DFD0A92BA508B500429932 /* Build configuration list for PBXNativeTarget "Roshi" */ = {
			isa = XCConfigurationList;
			buildConfigurations = (
				50DFD0AA2BA508B500429932 /* Debug */,
				50DFD0AB2BA508B500429932 /* Release */,
			);
			defaultConfigurationIsVisible = 0;
			defaultConfigurationName = Release;
		};
		50DFD0AC2BA508B500429932 /* Build configuration list for PBXNativeTarget "RoshiTests" */ = {
			isa = XCConfigurationList;
			buildConfigurations = (
				50DFD0AD2BA508B500429932 /* Debug */,
				50DFD0AE2BA508B500429932 /* Release */,
			);
			defaultConfigurationIsVisible = 0;
			defaultConfigurationName = Release;
		};
		50DFD0AF2BA508B500429932 /* Build configuration list for PBXNativeTarget "RoshiUITests" */ = {
			isa = XCConfigurationList;
			buildConfigurations = (
				50DFD0B02BA508B500429932 /* Debug */,
				50DFD0B12BA508B500429932 /* Release */,
			);
			defaultConfigurationIsVisible = 0;
			defaultConfigurationName = Release;
		};
/* End XCConfigurationList section */

/* Begin XCRemoteSwiftPackageReference section */
		839599B52BA5254500D998B2 /* XCRemoteSwiftPackageReference "SwiftOpenAI" */ = {
			isa = XCRemoteSwiftPackageReference;
			repositoryURL = "https://github.com/jamesrochabrun/SwiftOpenAI";
			requirement = {
				branch = main;
				kind = branch;
			};
		};
		83D3CCF52BA5985200D5FCD5 /* XCRemoteSwiftPackageReference "SwiftDotEnv" */ = {
			isa = XCRemoteSwiftPackageReference;
			repositoryURL = "https://github.com/SwiftOnTheServer/SwiftDotEnv";
			requirement = {
				kind = upToNextMajorVersion;
				minimumVersion = 2.0.1;
			};
		};
/* End XCRemoteSwiftPackageReference section */

/* Begin XCSwiftPackageProductDependency section */
		839599B62BA5257D00D998B2 /* SwiftOpenAI */ = {
			isa = XCSwiftPackageProductDependency;
			package = 839599B52BA5254500D998B2 /* XCRemoteSwiftPackageReference "SwiftOpenAI" */;
			productName = SwiftOpenAI;
		};
		83A0F53D2BA5AD8500B3FE1B /* SwiftDotEnv */ = {
			isa = XCSwiftPackageProductDependency;
			package = 83D3CCF52BA5985200D5FCD5 /* XCRemoteSwiftPackageReference "SwiftDotEnv" */;
			productName = SwiftDotEnv;
		};
		83D3CCF82BA5992500D5FCD5 /* SwiftDotEnv */ = {
			isa = XCSwiftPackageProductDependency;
			package = 83D3CCF52BA5985200D5FCD5 /* XCRemoteSwiftPackageReference "SwiftDotEnv" */;
			productName = SwiftDotEnv;
		};
		83D3CCFA2BA59A2700D5FCD5 /* SwiftDotEnv */ = {
			isa = XCSwiftPackageProductDependency;
			package = 83D3CCF52BA5985200D5FCD5 /* XCRemoteSwiftPackageReference "SwiftDotEnv" */;
			productName = SwiftDotEnv;
		};
		83D3CCFC2BA59CC100D5FCD5 /* SwiftOpenAI */ = {
			isa = XCSwiftPackageProductDependency;
			package = 839599B52BA5254500D998B2 /* XCRemoteSwiftPackageReference "SwiftOpenAI" */;
			productName = SwiftOpenAI;
		};
		83D3CCFE2BA59CCB00D5FCD5 /* SwiftOpenAI */ = {
			isa = XCSwiftPackageProductDependency;
			package = 839599B52BA5254500D998B2 /* XCRemoteSwiftPackageReference "SwiftOpenAI" */;
			productName = SwiftOpenAI;
		};
/* End XCSwiftPackageProductDependency section */
	};
	rootObject = 50DFD07C2BA508B400429932 /* Project object */;
}
