{
  "originHash" : "79634812b00996032b993059d53b3658c182ea5892eef982c63e4d188b7e107a",
  "pins" : [
    {
      "identity" : "swiftdotenv",
      "kind" : "remoteSourceControl",
      "location" : "https://github.com/SwiftOnTheServer/SwiftDotEnv",
      "state" : {
        "revision" : "2a7527210766fc726fb3d26fa9b8f295841e73df",
        "version" : "2.0.1"
      }
    },
    {
      "identity" : "swiftopenai",
      "kind" : "remoteSourceControl",
      "location" : "https://github.com/jamesrochabrun/SwiftOpenAI",
      "state" : {
        "branch" : "main",
        "revision" : "d36ead6a145107196375a3c5fa420615abf67ab9"
      }
    }
  ],
  "version" : 3
}
