{
  "originHash" : "25a415972d7cfeafe0faba0f79f92291dfb6a98a157e1fdefe9deaa1234dc5af",
  "pins" : [
    {
      "identity" : "swiftdotenv",
      "kind" : "remoteSourceControl",
      "location" : "https://github.com/SwiftOnTheServer/SwiftDotEnv",
      "state" : {
        "revision" : "2a7527210766fc726fb3d26fa9b8f295841e73df",
        "version" : "2.0.1"
      }
    },
    {
      "identity" : "swiftopenai",
      "kind" : "remoteSourceControl",
      "location" : "https://github.com/jamesrochabrun/SwiftOpenAI",
      "state" : {
        "branch" : "main",
        "revision" : "d36ead6a145107196375a3c5fa420615abf67ab9"
      }
    }
  ],
  "version" : 3
}
